Microsoft Visual Studio Solution File, Format Version 12.00
# Visual Studio Version 17
VisualStudioVersion = 17.5.2.0
MinimumVisualStudioVersion = 10.0.40219.1
Project("{FAE04EC0-301F-11D3-BF4B-00C04F79EFBC}") = "QuestCrafter", "QuestCrafter.csproj", "{D860F622-53C9-3A85-D6A2-5D9BC9476B9A}"
EndProject
Global
	GlobalSection(SolutionConfigurationPlatforms) = preSolution
		Debug|Any CPU = Debug|Any CPU
		Release|Any CPU = Release|Any CPU
	EndGlobalSection
	GlobalSection(ProjectConfigurationPlatforms) = postSolution
		{D860F622-53C9-3A85-D6A2-5D9BC9476B9A}.Debug|Any CPU.ActiveCfg = Debug|Any CPU
		{D860F622-53C9-3A85-D6A2-5D9BC9476B9A}.Debug|Any CPU.Build.0 = Debug|Any CPU
		{D860F622-53C9-3A85-D6A2-5D9BC9476B9A}.Release|Any CPU.ActiveCfg = Release|Any CPU
		{D860F622-53C9-3A85-D6A2-5D9BC9476B9A}.Release|Any CPU.Build.0 = Release|Any CPU
	EndGlobalSection
	GlobalSection(SolutionProperties) = preSolution
		HideSolutionNode = FALSE
	EndGlobalSection
	GlobalSection(ExtensibilityGlobals) = postSolution
		SolutionGuid = {5725B6CF-1741-446E-B7F1-DBC43CF8907A}
	EndGlobalSection
EndGlobal
